<?xml version="1.0" encoding="utf-8"?>
<Project ToolsVersion="4.0" xmlns="http://schemas.microsoft.com/developer/msbuild/2003">
  <ItemGroup>
    <Filter Include="Source Files">
      <UniqueIdentifier>{4FC737F1-C7A5-4376-A066-2A32D752A2FF}</UniqueIdentifier>
      <Extensions>cpp;c;cc;cxx;def;odl;idl;hpj;bat;asm;asmx</Extensions>
    </Filter>
    <Filter Include="Header Files">
      <UniqueIdentifier>{93995380-89BD-4b04-88EB-625FBE52EBFB}</UniqueIdentifier>
      <Extensions>h;hh;hpp;hxx;hm;inl;inc;ipp;xsd</Extensions>
    </Filter>
    <Filter Include="Resource Files">
      <UniqueIdentifier>{67DA6AB6-F800-4c08-8B7A-83BB121AAD01}</UniqueIdentifier>
      <Extensions>rc;ico;cur;bmp;dlg;rc2;rct;bin;rgs;gif;jpg;jpeg;jpe;resx;tiff;tif;png;wav;mfcribbon-ms</Extensions>
    </Filter>
    <Filter Include="Resource Files\Shaders">
      <UniqueIdentifier>{e908bad9-da22-4bf1-b5b5-fbe526a820e2}</UniqueIdentifier>
    </Filter>
    <Filter Include="Source Files\Mesh">
      <UniqueIdentifier>{94ef8af6-0c96-407b-ada0-e5ff56e8aa78}</UniqueIdentifier>
    </Filter>
    <Filter Include="Source Files\pch">
      <UniqueIdentifier>{98255daa-cfbd-4c32-ab48-2969dc287216}</UniqueIdentifier>
    </Filter>
    <Filter Include="ImGUI">
      <UniqueIdentifier>{d4da3f82-63f8-4437-91e5-29875158ebeb}</UniqueIdentifier>
    </Filter>
    <Filter Include="Source Files\Shader">
      <UniqueIdentifier>{9f0271aa-84f6-446e-b557-17cc103fd9d2}</UniqueIdentifier>
    </Filter>
    <Filter Include="Source Files\Shader\Header">
      <UniqueIdentifier>{623b7a25-c7c4-432c-889a-9f67557a6ec5}</UniqueIdentifier>
    </Filter>
    <Filter Include="Source Files\Shader\Code File">
      <UniqueIdentifier>{dfe652e5-52fc-443a-a601-e9ed4f76e6f8}</UniqueIdentifier>
    </Filter>
    <Filter Include="Source Files\GuiRender">
      <UniqueIdentifier>{0770f3e8-237a-4710-a210-d780b1872310}</UniqueIdentifier>
    </Filter>
  </ItemGroup>
  <ItemGroup>
    <ClCompile Include="WinMain.cpp">
      <Filter>Source Files</Filter>
    </ClCompile>
    <ClCompile Include="Renderer.cpp">
      <Filter>Source Files</Filter>
    </ClCompile>
    <ClCompile Include="Mesh.cpp">
      <Filter>Source Files\Mesh</Filter>
    </ClCompile>
    <ClCompile Include="CubeMesh.cpp">
      <Filter>Source Files\Mesh</Filter>
    </ClCompile>
    <ClCompile Include="Window.cpp">
      <Filter>Source Files</Filter>
    </ClCompile>
    <ClCompile Include="pch.cpp">
      <Filter>Source Files\pch</Filter>
    </ClCompile>
    <ClCompile Include="CCamera.cpp">
      <Filter>Source Files</Filter>
    </ClCompile>
    <ClCompile Include="CLight.cpp">
      <Filter>Source Files</Filter>
    </ClCompile>
    <ClCompile Include="CHemisphericLight.cpp">
      <Filter>Source Files</Filter>
    </ClCompile>
    <ClCompile Include="CDirectionalLight.cpp">
      <Filter>Source Files</Filter>
    </ClCompile>
    <ClCompile Include="..\ImGUI\imgui.cpp">
      <Filter>ImGUI</Filter>
    </ClCompile>
    <ClCompile Include="..\ImGUI\imgui_demo.cpp">
      <Filter>ImGUI</Filter>
    </ClCompile>
    <ClCompile Include="..\ImGUI\imgui_draw.cpp">
      <Filter>ImGUI</Filter>
    </ClCompile>
    <ClCompile Include="..\ImGUI\imgui_impl_dx11.cpp">
      <Filter>ImGUI</Filter>
    </ClCompile>
    <ClCompile Include="..\ImGUI\imgui_impl_win32.cpp">
      <Filter>ImGUI</Filter>
    </ClCompile>
    <ClCompile Include="..\ImGUI\imgui_widgets.cpp">
      <Filter>ImGUI</Filter>
    </ClCompile>
    <ClCompile Include="CGUI.cpp">
      <Filter>Source Files</Filter>
    </ClCompile>
    <ClCompile Include="GUIRender.cpp">
      <Filter>Source Files</Filter>
    </ClCompile>
    <ClCompile Include="ModelLoader.cpp">
      <Filter>Source Files</Filter>
    </ClCompile>
    <ClCompile Include="SkyBox.cpp">
      <Filter>Source Files</Filter>
    </ClCompile>
    <ClCompile Include="Projector.cpp">
      <Filter>Source Files</Filter>
    </ClCompile>
    <ClCompile Include="Grid.cpp">
      <Filter>Source Files</Filter>
    </ClCompile>
    <ClCompile Include="..\ImGUI\ImGuizmo.cpp">
      <Filter>ImGUI</Filter>
    </ClCompile>
    <ClCompile Include="cWindow.cpp">
      <Filter>Source Files</Filter>
    </ClCompile>
    <ClCompile Include="Shader.cpp">
      <Filter>Source Files\Shader\Code File</Filter>
    </ClCompile>
    <ClCompile Include="SkyShader.cpp">
      <Filter>Source Files\Shader\Code File</Filter>
    </ClCompile>
    <ClCompile Include="SolidShader.cpp">
      <Filter>Source Files\Shader\Code File</Filter>
    </ClCompile>
    <ClCompile Include="VertexOverlayShader.cpp">
      <Filter>Source Files\Shader\Code File</Filter>
    </ClCompile>
    <ClCompile Include="WireframeShader.cpp">
      <Filter>Source Files\Shader\Code File</Filter>
    </ClCompile>
    <ClCompile Include="DrawGui.cpp">
      <Filter>Source Files\GuiRender</Filter>
    </ClCompile>
    <ClCompile Include="cApp.cpp">
      <Filter>Source Files</Filter>
    </ClCompile>
  </ItemGroup>
  <ItemGroup>
    <ClInclude Include="Renderer.h">
      <Filter>Header Files</Filter>
    </ClInclude>
    <ClInclude Include="Mesh.h">
      <Filter>Header Files</Filter>
    </ClInclude>
    <ClInclude Include="Window.h">
      <Filter>Header Files</Filter>
    </ClInclude>
    <ClInclude Include="pch.h">
      <Filter>Source Files\pch</Filter>
    </ClInclude>
    <ClInclude Include="CCamera.h">
      <Filter>Header Files</Filter>
    </ClInclude>
    <ClInclude Include="CLight.h">
      <Filter>Header Files</Filter>
    </ClInclude>
    <ClInclude Include="EventCallbacks.h">
      <Filter>Header Files</Filter>
    </ClInclude>
    <ClInclude Include="..\ImGUI\imconfig.h">
      <Filter>ImGUI</Filter>
    </ClInclude>
    <ClInclude Include="..\ImGUI\imgui.h">
      <Filter>ImGUI</Filter>
    </ClInclude>
    <ClInclude Include="..\ImGUI\imgui_impl_dx11.h">
      <Filter>ImGUI</Filter>
    </ClInclude>
    <ClInclude Include="..\ImGUI\imgui_impl_win32.h">
      <Filter>ImGUI</Filter>
    </ClInclude>
    <ClInclude Include="..\ImGUI\imgui_internal.h">
      <Filter>ImGUI</Filter>
    </ClInclude>
    <ClInclude Include="..\ImGUI\imstb_rectpack.h">
      <Filter>ImGUI</Filter>
    </ClInclude>
    <ClInclude Include="..\ImGUI\imstb_textedit.h">
      <Filter>ImGUI</Filter>
    </ClInclude>
    <ClInclude Include="..\ImGUI\imstb_truetype.h">
      <Filter>ImGUI</Filter>
    </ClInclude>
    <ClInclude Include="CGUI.h">
      <Filter>Header Files</Filter>
    </ClInclude>
    <ClInclude Include="ModelLoader.h">
      <Filter>Header Files</Filter>
    </ClInclude>
    <ClInclude Include="SkyBox.h">
      <Filter>Header Files</Filter>
    </ClInclude>
    <ClInclude Include="Projector.h">
      <Filter>Header Files</Filter>
    </ClInclude>
    <ClInclude Include="Grid.h">
      <Filter>Header Files</Filter>
    </ClInclude>
    <ClInclude Include="..\ImGUI\ImGuizmo.h">
      <Filter>ImGUI</Filter>
    </ClInclude>
    <ClInclude Include="Global.h">
      <Filter>Source Files</Filter>
    </ClInclude>
    <ClInclude Include="cWindow.h">
      <Filter>Header Files</Filter>
    </ClInclude>
    <ClInclude Include="Shader.h">
      <Filter>Source Files\Shader\Header</Filter>
    </ClInclude>
    <ClInclude Include="SkyShader.h">
      <Filter>Source Files\Shader\Header</Filter>
    </ClInclude>
    <ClInclude Include="SolidShader.h">
      <Filter>Source Files\Shader\Header</Filter>
    </ClInclude>
    <ClInclude Include="VertexOverlayShader.h">
      <Filter>Source Files\Shader\Header</Filter>
    </ClInclude>
    <ClInclude Include="WireframeShader.h">
      <Filter>Source Files\Shader\Header</Filter>
    </ClInclude>
    <ClInclude Include="DrawGui.h">
      <Filter>Source Files\GuiRender</Filter>
    </ClInclude>
    <ClInclude Include="Main.h">
      <Filter>Header Files</Filter>
    </ClInclude>
    <ClInclude Include="cApp.h">
      <Filter>Header Files</Filter>
    </ClInclude>
  </ItemGroup>
  <ItemGroup>
    <None Include="DefaultShader.shader">
      <Filter>Resource Files\Shaders</Filter>
    </None>
  </ItemGroup>
  <ItemGroup>
    <Text Include="last_dir.txt">
      <Filter>Resource Files</Filter>
    </Text>
  </ItemGroup>
</Project>